
Microsoft Visual Studio Solution File, Format Version 12.00
# Visual Studio Version 16
VisualStudioVersion = 16.0.30709.132
MinimumVisualStudioVersion = 10.0.40219.1
Project("{9A19103F-16F7-4668-BE54-9A1E7A4F7556}") = "AndroidServer", "AndroidServer\AndroidServer.csproj", "{125FFE5B-C5BB-489C-AAD3-F18399CB0419}"
EndProject
Project("{FAE04EC0-301F-11D3-BF4B-00C04F79EFBC}") = "Domain", "Domain\Domain.csproj", "{5382B160-CBF2-4447-9A5C-036F25231429}"
EndProject
Global
	GlobalSection(SolutionConfigurationPlatforms) = preSolution
		Debug|Any CPU = Debug|Any CPU
		Release|Any CPU = Release|Any CPU
	EndGlobalSection
	GlobalSection(ProjectConfigurationPlatforms) = postSolution
		{125FFE5B-C5BB-489C-AAD3-F18399CB0419}.Debug|Any CPU.ActiveCfg = Debug|Any CPU
		{125FFE5B-C5BB-489C-AAD3-F18399CB0419}.Debug|Any CPU.Build.0 = Debug|Any CPU
		{125FFE5B-C5BB-489C-AAD3-F18399CB0419}.Release|Any CPU.ActiveCfg = Release|Any CPU
		{125FFE5B-C5BB-489C-AAD3-F18399CB0419}.Release|Any CPU.Build.0 = Release|Any CPU
		{5382B160-CBF2-4447-9A5C-036F25231429}.Debug|Any CPU.ActiveCfg = Debug|Any CPU
		{5382B160-CBF2-4447-9A5C-036F25231429}.Debug|Any CPU.Build.0 = Debug|Any CPU
		{5382B160-CBF2-4447-9A5C-036F25231429}.Release|Any CPU.ActiveCfg = Release|Any CPU
		{5382B160-CBF2-4447-9A5C-036F25231429}.Release|Any CPU.Build.0 = Release|Any CPU
	EndGlobalSection
	GlobalSection(SolutionProperties) = preSolution
		HideSolutionNode = FALSE
	EndGlobalSection
	GlobalSection(ExtensibilityGlobals) = postSolution
		SolutionGuid = {B51998E0-672B-4515-B045-C693DEAB84E8}
	EndGlobalSection
EndGlobal
